
Microsoft Visual Studio Solution File, Format Version 12.00
# Visual Studio Version 17
VisualStudioVersion = 17.13.35828.75 d17.13
MinimumVisualStudioVersion = 10.0.40219.1
Project("{FAE04EC0-301F-11D3-BF4B-00C04F79EFBC}") = "day24-1", "day24-1.csproj", "{F5625C37-E7E3-4576-B61E-C747F04D773D}"
EndProject
Global
	GlobalSection(SolutionConfigurationPlatforms) = preSolution
		Debug|Any CPU = Debug|Any CPU
		Release|Any CPU = Release|Any CPU
	EndGlobalSection
	GlobalSection(ProjectConfigurationPlatforms) = postSolution
		{F5625C37-E7E3-4576-B61E-C747F04D773D}.Debug|Any CPU.ActiveCfg = Debug|Any CPU
		{F5625C37-E7E3-4576-B61E-C747F04D773D}.Debug|Any CPU.Build.0 = Debug|Any CPU
		{F5625C37-E7E3-4576-B61E-C747F04D773D}.Release|Any CPU.ActiveCfg = Release|Any CPU
		{F5625C37-E7E3-4576-B61E-C747F04D773D}.Release|Any CPU.Build.0 = Release|Any CPU
	EndGlobalSection
	GlobalSection(SolutionProperties) = preSolution
		HideSolutionNode = FALSE
	EndGlobalSection
	GlobalSection(ExtensibilityGlobals) = postSolution
		SolutionGuid = {1C1081DF-2AFC-4402-AD12-4ABB988A53DD}
	EndGlobalSection
EndGlobal
